
Microsoft Visual Studio Solution File, Format Version 12.00
# Visual Studio Express 2013 for Web
VisualStudioVersion = 12.0.30723.0
MinimumVisualStudioVersion = 10.0.40219.1
Project("{FAE04EC0-301F-11D3-BF4B-00C04F79EFBC}") = "AnimeRecs.RecEngine", "AnimeRecs.RecEngine\AnimeRecs.RecEngine.csproj", "{DB0DAE3C-8E19-4DDA-9B86-620EA5C9C243}"
EndProject
Project("{FAE04EC0-301F-11D3-BF4B-00C04F79EFBC}") = "AnimeRecs.RecEngine.MyMediaLite", "AnimeRecs.RecEngine.MyMediaLite\AnimeRecs.RecEngine.MyMediaLite.csproj", "{2B67526A-EBD8-43F6-8A65-26F64453C0BD}"
EndProject
Project("{FAE04EC0-301F-11D3-BF4B-00C04F79EFBC}") = "AnimeRecs.RecEngine.MAL", "AnimeRecs.RecEngine.MAL\AnimeRecs.RecEngine.MAL.csproj", "{C1154B01-E3AF-48D2-AD2E-3F09B5DAF842}"
EndProject
Project("{FAE04EC0-301F-11D3-BF4B-00C04F79EFBC}") = "AnimeRecs.DAL", "AnimeRecs.DAL\AnimeRecs.DAL.csproj", "{F7463E78-C746-4D37-A869-759FB38B247B}"
EndProject
Project("{FAE04EC0-301F-11D3-BF4B-00C04F79EFBC}") = "AnimeRecs.FreshenMalDatabase", "AnimeRecs.FreshenMalDatabase\AnimeRecs.FreshenMalDatabase.csproj", "{2CE53D3D-9FEB-44D2-8ED9-E499EADDC1B5}"
EndProject
Project("{FAE04EC0-301F-11D3-BF4B-00C04F79EFBC}") = "AnimeRecs.MalEvaluationRunner", "AnimeRecs.MalEvaluationRunner\AnimeRecs.MalEvaluationRunner.csproj", "{5C76DAA8-1A14-48B9-98F1-C075209C324C}"
EndProject
Project("{FAE04EC0-301F-11D3-BF4B-00C04F79EFBC}") = "AnimeRecs.RecService", "AnimeRecs.RecService\AnimeRecs.RecService.csproj", "{F2E6F758-CF15-4219-9DAC-09D1190EE7E6}"
EndProject
Project("{FAE04EC0-301F-11D3-BF4B-00C04F79EFBC}") = "AnimeRecs.RecService.Client", "AnimeRecs.RecService.Client\AnimeRecs.RecService.Client.csproj", "{73DAB0C2-C741-4710-8693-4D04B67F082F}"
EndProject
Project("{FAE04EC0-301F-11D3-BF4B-00C04F79EFBC}") = "AnimeRecs.RecService.DTO", "AnimeRecs.RecService.DTO\AnimeRecs.RecService.DTO.csproj", "{2E870408-2BC8-404F-BCAC-98289C1F489E}"
EndProject
Project("{FAE04EC0-301F-11D3-BF4B-00C04F79EFBC}") = "AnimeRecs.RecService.ClientLib", "AnimeRecs.RecService.ClientLib\AnimeRecs.RecService.ClientLib.csproj", "{052C3459-C8BF-44A3-AFE1-8B587B023044}"
EndProject
Project("{FAE04EC0-301F-11D3-BF4B-00C04F79EFBC}") = "AnimeRecs.UpdateStreams", "AnimeRecs.UpdateStreams\AnimeRecs.UpdateStreams.csproj", "{836964EF-6B5A-4127-A596-83BD6A169958}"
EndProject
Project("{FAE04EC0-301F-11D3-BF4B-00C04F79EFBC}") = "AnimeRecs.UpdateStreams.Tests", "AnimeRecs.UpdateStreams.Tests\AnimeRecs.UpdateStreams.Tests.csproj", "{D354A612-DB25-4EFD-9916-200DE54C94C7}"
EndProject
Project("{FAE04EC0-301F-11D3-BF4B-00C04F79EFBC}") = "AnimeRecs.RecEngine.MAL.Tests", "AnimeRecs.RecEngine.MAL.Tests\AnimeRecs.RecEngine.MAL.Tests.csproj", "{BFD31C58-7E12-4C76-8C32-CFD5AB739C16}"
EndProject
Project("{FAE04EC0-301F-11D3-BF4B-00C04F79EFBC}") = "AnimeRecs.UpdatePrereqs", "AnimeRecs.UpdatePrereqs\AnimeRecs.UpdatePrereqs.csproj", "{1B0D3714-8F25-41B2-9E71-F2E1A136F404}"
EndProject
Project("{2150E333-8FDC-42A3-9474-1A3956D46DE8}") = ".nuget", ".nuget", "{89F847C3-5653-4E4C-8687-77BCEF35922E}"
	ProjectSection(SolutionItems) = preProject
		.nuget\NuGet.Config = .nuget\NuGet.Config
		.nuget\NuGet.exe = .nuget\NuGet.exe
		.nuget\NuGet.targets = .nuget\NuGet.targets
		.nuget\packages.config = .nuget\packages.config
	EndProjectSection
EndProject
Global
	GlobalSection(SolutionConfigurationPlatforms) = preSolution
		Debug|Any CPU = Debug|Any CPU
		DebugMono|Any CPU = DebugMono|Any CPU
		Release|Any CPU = Release|Any CPU
		ReleaseMono|Any CPU = ReleaseMono|Any CPU
	EndGlobalSection
	GlobalSection(ProjectConfigurationPlatforms) = postSolution
		{DB0DAE3C-8E19-4DDA-9B86-620EA5C9C243}.Debug|Any CPU.ActiveCfg = Debug|Any CPU
		{DB0DAE3C-8E19-4DDA-9B86-620EA5C9C243}.Debug|Any CPU.Build.0 = Debug|Any CPU
		{DB0DAE3C-8E19-4DDA-9B86-620EA5C9C243}.DebugMono|Any CPU.ActiveCfg = DebugMono|Any CPU
		{DB0DAE3C-8E19-4DDA-9B86-620EA5C9C243}.DebugMono|Any CPU.Build.0 = DebugMono|Any CPU
		{DB0DAE3C-8E19-4DDA-9B86-620EA5C9C243}.Release|Any CPU.ActiveCfg = Release|Any CPU
		{DB0DAE3C-8E19-4DDA-9B86-620EA5C9C243}.Release|Any CPU.Build.0 = Release|Any CPU
		{DB0DAE3C-8E19-4DDA-9B86-620EA5C9C243}.ReleaseMono|Any CPU.ActiveCfg = ReleaseMono|Any CPU
		{DB0DAE3C-8E19-4DDA-9B86-620EA5C9C243}.ReleaseMono|Any CPU.Build.0 = ReleaseMono|Any CPU
		{2B67526A-EBD8-43F6-8A65-26F64453C0BD}.Debug|Any CPU.ActiveCfg = Debug|Any CPU
		{2B67526A-EBD8-43F6-8A65-26F64453C0BD}.Debug|Any CPU.Build.0 = Debug|Any CPU
		{2B67526A-EBD8-43F6-8A65-26F64453C0BD}.DebugMono|Any CPU.ActiveCfg = DebugMono|Any CPU
		{2B67526A-EBD8-43F6-8A65-26F64453C0BD}.DebugMono|Any CPU.Build.0 = DebugMono|Any CPU
		{2B67526A-EBD8-43F6-8A65-26F64453C0BD}.Release|Any CPU.ActiveCfg = Release|Any CPU
		{2B67526A-EBD8-43F6-8A65-26F64453C0BD}.Release|Any CPU.Build.0 = Release|Any CPU
		{2B67526A-EBD8-43F6-8A65-26F64453C0BD}.ReleaseMono|Any CPU.ActiveCfg = ReleaseMono|Any CPU
		{2B67526A-EBD8-43F6-8A65-26F64453C0BD}.ReleaseMono|Any CPU.Build.0 = ReleaseMono|Any CPU
		{C1154B01-E3AF-48D2-AD2E-3F09B5DAF842}.Debug|Any CPU.ActiveCfg = Debug|Any CPU
		{C1154B01-E3AF-48D2-AD2E-3F09B5DAF842}.Debug|Any CPU.Build.0 = Debug|Any CPU
		{C1154B01-E3AF-48D2-AD2E-3F09B5DAF842}.DebugMono|Any CPU.ActiveCfg = DebugMono|Any CPU
		{C1154B01-E3AF-48D2-AD2E-3F09B5DAF842}.DebugMono|Any CPU.Build.0 = DebugMono|Any CPU
		{C1154B01-E3AF-48D2-AD2E-3F09B5DAF842}.Release|Any CPU.ActiveCfg = Release|Any CPU
		{C1154B01-E3AF-48D2-AD2E-3F09B5DAF842}.Release|Any CPU.Build.0 = Release|Any CPU
		{C1154B01-E3AF-48D2-AD2E-3F09B5DAF842}.ReleaseMono|Any CPU.ActiveCfg = ReleaseMono|Any CPU
		{C1154B01-E3AF-48D2-AD2E-3F09B5DAF842}.ReleaseMono|Any CPU.Build.0 = ReleaseMono|Any CPU
		{F7463E78-C746-4D37-A869-759FB38B247B}.Debug|Any CPU.ActiveCfg = Debug|Any CPU
		{F7463E78-C746-4D37-A869-759FB38B247B}.Debug|Any CPU.Build.0 = Debug|Any CPU
		{F7463E78-C746-4D37-A869-759FB38B247B}.DebugMono|Any CPU.ActiveCfg = DebugMono|Any CPU
		{F7463E78-C746-4D37-A869-759FB38B247B}.DebugMono|Any CPU.Build.0 = DebugMono|Any CPU
		{F7463E78-C746-4D37-A869-759FB38B247B}.Release|Any CPU.ActiveCfg = Release|Any CPU
		{F7463E78-C746-4D37-A869-759FB38B247B}.Release|Any CPU.Build.0 = Release|Any CPU
		{F7463E78-C746-4D37-A869-759FB38B247B}.ReleaseMono|Any CPU.ActiveCfg = ReleaseMono|Any CPU
		{F7463E78-C746-4D37-A869-759FB38B247B}.ReleaseMono|Any CPU.Build.0 = ReleaseMono|Any CPU
		{2CE53D3D-9FEB-44D2-8ED9-E499EADDC1B5}.Debug|Any CPU.ActiveCfg = Debug|Any CPU
		{2CE53D3D-9FEB-44D2-8ED9-E499EADDC1B5}.Debug|Any CPU.Build.0 = Debug|Any CPU
		{2CE53D3D-9FEB-44D2-8ED9-E499EADDC1B5}.DebugMono|Any CPU.ActiveCfg = DebugMono|Any CPU
		{2CE53D3D-9FEB-44D2-8ED9-E499EADDC1B5}.DebugMono|Any CPU.Build.0 = DebugMono|Any CPU
		{2CE53D3D-9FEB-44D2-8ED9-E499EADDC1B5}.Release|Any CPU.ActiveCfg = Release|Any CPU
		{2CE53D3D-9FEB-44D2-8ED9-E499EADDC1B5}.Release|Any CPU.Build.0 = Release|Any CPU
		{2CE53D3D-9FEB-44D2-8ED9-E499EADDC1B5}.ReleaseMono|Any CPU.ActiveCfg = ReleaseMono|Any CPU
		{2CE53D3D-9FEB-44D2-8ED9-E499EADDC1B5}.ReleaseMono|Any CPU.Build.0 = ReleaseMono|Any CPU
		{5C76DAA8-1A14-48B9-98F1-C075209C324C}.Debug|Any CPU.ActiveCfg = Debug|Any CPU
		{5C76DAA8-1A14-48B9-98F1-C075209C324C}.Debug|Any CPU.Build.0 = Debug|Any CPU
		{5C76DAA8-1A14-48B9-98F1-C075209C324C}.DebugMono|Any CPU.ActiveCfg = DebugMono|Any CPU
		{5C76DAA8-1A14-48B9-98F1-C075209C324C}.DebugMono|Any CPU.Build.0 = DebugMono|Any CPU
		{5C76DAA8-1A14-48B9-98F1-C075209C324C}.Release|Any CPU.ActiveCfg = Release|Any CPU
		{5C76DAA8-1A14-48B9-98F1-C075209C324C}.Release|Any CPU.Build.0 = Release|Any CPU
		{5C76DAA8-1A14-48B9-98F1-C075209C324C}.ReleaseMono|Any CPU.ActiveCfg = ReleaseMono|Any CPU
		{5C76DAA8-1A14-48B9-98F1-C075209C324C}.ReleaseMono|Any CPU.Build.0 = ReleaseMono|Any CPU
		{F2E6F758-CF15-4219-9DAC-09D1190EE7E6}.Debug|Any CPU.ActiveCfg = Debug|Any CPU
		{F2E6F758-CF15-4219-9DAC-09D1190EE7E6}.Debug|Any CPU.Build.0 = Debug|Any CPU
		{F2E6F758-CF15-4219-9DAC-09D1190EE7E6}.DebugMono|Any CPU.ActiveCfg = DebugMono|Any CPU
		{F2E6F758-CF15-4219-9DAC-09D1190EE7E6}.DebugMono|Any CPU.Build.0 = DebugMono|Any CPU
		{F2E6F758-CF15-4219-9DAC-09D1190EE7E6}.Release|Any CPU.ActiveCfg = Release|Any CPU
		{F2E6F758-CF15-4219-9DAC-09D1190EE7E6}.Release|Any CPU.Build.0 = Release|Any CPU
		{F2E6F758-CF15-4219-9DAC-09D1190EE7E6}.ReleaseMono|Any CPU.ActiveCfg = ReleaseMono|Any CPU
		{F2E6F758-CF15-4219-9DAC-09D1190EE7E6}.ReleaseMono|Any CPU.Build.0 = ReleaseMono|Any CPU
		{73DAB0C2-C741-4710-8693-4D04B67F082F}.Debug|Any CPU.ActiveCfg = Debug|Any CPU
		{73DAB0C2-C741-4710-8693-4D04B67F082F}.Debug|Any CPU.Build.0 = Debug|Any CPU
		{73DAB0C2-C741-4710-8693-4D04B67F082F}.DebugMono|Any CPU.ActiveCfg = DebugMono|Any CPU
		{73DAB0C2-C741-4710-8693-4D04B67F082F}.DebugMono|Any CPU.Build.0 = DebugMono|Any CPU
		{73DAB0C2-C741-4710-8693-4D04B67F082F}.Release|Any CPU.ActiveCfg = Release|Any CPU
		{73DAB0C2-C741-4710-8693-4D04B67F082F}.Release|Any CPU.Build.0 = Release|Any CPU
		{73DAB0C2-C741-4710-8693-4D04B67F082F}.ReleaseMono|Any CPU.ActiveCfg = ReleaseMono|Any CPU
		{73DAB0C2-C741-4710-8693-4D04B67F082F}.ReleaseMono|Any CPU.Build.0 = ReleaseMono|Any CPU
		{2E870408-2BC8-404F-BCAC-98289C1F489E}.Debug|Any CPU.ActiveCfg = Debug|Any CPU
		{2E870408-2BC8-404F-BCAC-98289C1F489E}.Debug|Any CPU.Build.0 = Debug|Any CPU
		{2E870408-2BC8-404F-BCAC-98289C1F489E}.DebugMono|Any CPU.ActiveCfg = DebugMono|Any CPU
		{2E870408-2BC8-404F-BCAC-98289C1F489E}.DebugMono|Any CPU.Build.0 = DebugMono|Any CPU
		{2E870408-2BC8-404F-BCAC-98289C1F489E}.Release|Any CPU.ActiveCfg = Release|Any CPU
		{2E870408-2BC8-404F-BCAC-98289C1F489E}.Release|Any CPU.Build.0 = Release|Any CPU
		{2E870408-2BC8-404F-BCAC-98289C1F489E}.ReleaseMono|Any CPU.ActiveCfg = ReleaseMono|Any CPU
		{2E870408-2BC8-404F-BCAC-98289C1F489E}.ReleaseMono|Any CPU.Build.0 = ReleaseMono|Any CPU
		{052C3459-C8BF-44A3-AFE1-8B587B023044}.Debug|Any CPU.ActiveCfg = Debug|Any CPU
		{052C3459-C8BF-44A3-AFE1-8B587B023044}.Debug|Any CPU.Build.0 = Debug|Any CPU
		{052C3459-C8BF-44A3-AFE1-8B587B023044}.DebugMono|Any CPU.ActiveCfg = DebugMono|Any CPU
		{052C3459-C8BF-44A3-AFE1-8B587B023044}.DebugMono|Any CPU.Build.0 = DebugMono|Any CPU
		{052C3459-C8BF-44A3-AFE1-8B587B023044}.Release|Any CPU.ActiveCfg = Release|Any CPU
		{052C3459-C8BF-44A3-AFE1-8B587B023044}.Release|Any CPU.Build.0 = Release|Any CPU
		{052C3459-C8BF-44A3-AFE1-8B587B023044}.ReleaseMono|Any CPU.ActiveCfg = ReleaseMono|Any CPU
		{052C3459-C8BF-44A3-AFE1-8B587B023044}.ReleaseMono|Any CPU.Build.0 = ReleaseMono|Any CPU
		{836964EF-6B5A-4127-A596-83BD6A169958}.Debug|Any CPU.ActiveCfg = Debug|Any CPU
		{836964EF-6B5A-4127-A596-83BD6A169958}.Debug|Any CPU.Build.0 = Debug|Any CPU
		{836964EF-6B5A-4127-A596-83BD6A169958}.DebugMono|Any CPU.ActiveCfg = DebugMono|Any CPU
		{836964EF-6B5A-4127-A596-83BD6A169958}.DebugMono|Any CPU.Build.0 = DebugMono|Any CPU
		{836964EF-6B5A-4127-A596-83BD6A169958}.Release|Any CPU.ActiveCfg = Release|Any CPU
		{836964EF-6B5A-4127-A596-83BD6A169958}.Release|Any CPU.Build.0 = Release|Any CPU
		{836964EF-6B5A-4127-A596-83BD6A169958}.ReleaseMono|Any CPU.ActiveCfg = ReleaseMono|Any CPU
		{836964EF-6B5A-4127-A596-83BD6A169958}.ReleaseMono|Any CPU.Build.0 = ReleaseMono|Any CPU
		{D354A612-DB25-4EFD-9916-200DE54C94C7}.Debug|Any CPU.ActiveCfg = Debug|Any CPU
		{D354A612-DB25-4EFD-9916-200DE54C94C7}.Debug|Any CPU.Build.0 = Debug|Any CPU
		{D354A612-DB25-4EFD-9916-200DE54C94C7}.DebugMono|Any CPU.ActiveCfg = DebugMono|Any CPU
		{D354A612-DB25-4EFD-9916-200DE54C94C7}.DebugMono|Any CPU.Build.0 = DebugMono|Any CPU
		{D354A612-DB25-4EFD-9916-200DE54C94C7}.Release|Any CPU.ActiveCfg = Release|Any CPU
		{D354A612-DB25-4EFD-9916-200DE54C94C7}.Release|Any CPU.Build.0 = Release|Any CPU
		{D354A612-DB25-4EFD-9916-200DE54C94C7}.ReleaseMono|Any CPU.ActiveCfg = ReleaseMono|Any CPU
		{D354A612-DB25-4EFD-9916-200DE54C94C7}.ReleaseMono|Any CPU.Build.0 = ReleaseMono|Any CPU
		{BFD31C58-7E12-4C76-8C32-CFD5AB739C16}.Debug|Any CPU.ActiveCfg = Debug|Any CPU
		{BFD31C58-7E12-4C76-8C32-CFD5AB739C16}.Debug|Any CPU.Build.0 = Debug|Any CPU
		{BFD31C58-7E12-4C76-8C32-CFD5AB739C16}.DebugMono|Any CPU.ActiveCfg = DebugMono|Any CPU
		{BFD31C58-7E12-4C76-8C32-CFD5AB739C16}.DebugMono|Any CPU.Build.0 = DebugMono|Any CPU
		{BFD31C58-7E12-4C76-8C32-CFD5AB739C16}.Release|Any CPU.ActiveCfg = Release|Any CPU
		{BFD31C58-7E12-4C76-8C32-CFD5AB739C16}.Release|Any CPU.Build.0 = Release|Any CPU
		{BFD31C58-7E12-4C76-8C32-CFD5AB739C16}.ReleaseMono|Any CPU.ActiveCfg = ReleaseMono|Any CPU
		{BFD31C58-7E12-4C76-8C32-CFD5AB739C16}.ReleaseMono|Any CPU.Build.0 = ReleaseMono|Any CPU
		{1B0D3714-8F25-41B2-9E71-F2E1A136F404}.Debug|Any CPU.ActiveCfg = Debug|Any CPU
		{1B0D3714-8F25-41B2-9E71-F2E1A136F404}.Debug|Any CPU.Build.0 = Debug|Any CPU
		{1B0D3714-8F25-41B2-9E71-F2E1A136F404}.DebugMono|Any CPU.ActiveCfg = DebugMono|Any CPU
		{1B0D3714-8F25-41B2-9E71-F2E1A136F404}.DebugMono|Any CPU.Build.0 = DebugMono|Any CPU
		{1B0D3714-8F25-41B2-9E71-F2E1A136F404}.Release|Any CPU.ActiveCfg = Release|Any CPU
		{1B0D3714-8F25-41B2-9E71-F2E1A136F404}.Release|Any CPU.Build.0 = Release|Any CPU
		{1B0D3714-8F25-41B2-9E71-F2E1A136F404}.ReleaseMono|Any CPU.ActiveCfg = ReleaseMono|Any CPU
		{1B0D3714-8F25-41B2-9E71-F2E1A136F404}.ReleaseMono|Any CPU.Build.0 = ReleaseMono|Any CPU
	EndGlobalSection
	GlobalSection(SolutionProperties) = preSolution
		HideSolutionNode = FALSE
	EndGlobalSection
EndGlobal
