
Microsoft Visual Studio Solution File, Format Version 11.00
# Visual C# Express 2010
Project("{FAE04EC0-301F-11D3-BF4B-00C04F79EFBC}") = "AnimeRecs.RecEngine", "AnimeRecs.RecEngine\AnimeRecs.RecEngine.csproj", "{DB0DAE3C-8E19-4DDA-9B86-620EA5C9C243}"
EndProject
Project("{FAE04EC0-301F-11D3-BF4B-00C04F79EFBC}") = "AnimeRecs.RecEngine.MyMediaLite", "AnimeRecs.RecEngine.MyMediaLite\AnimeRecs.RecEngine.MyMediaLite.csproj", "{2B67526A-EBD8-43F6-8A65-26F64453C0BD}"
EndProject
Project("{FAE04EC0-301F-11D3-BF4B-00C04F79EFBC}") = "AnimeRecs.RecEngine.MAL", "AnimeRecs.RecEngine.MAL\AnimeRecs.RecEngine.MAL.csproj", "{C1154B01-E3AF-48D2-AD2E-3F09B5DAF842}"
EndProject
Project("{FAE04EC0-301F-11D3-BF4B-00C04F79EFBC}") = "AnimeRecs.DAL", "AnimeRecs.DAL\AnimeRecs.DAL.csproj", "{F7463E78-C746-4D37-A869-759FB38B247B}"
EndProject
Project("{FAE04EC0-301F-11D3-BF4B-00C04F79EFBC}") = "AnimeRecs.MalApi", "AnimeRecs.MalApi\AnimeRecs.MalApi.csproj", "{85BC477F-4798-4006-A342-715E7565B3BB}"
EndProject
Project("{FAE04EC0-301F-11D3-BF4B-00C04F79EFBC}") = "AnimeRecs.FreshenMalDatabase", "AnimeRecs.FreshenMalDatabase\AnimeRecs.FreshenMalDatabase.csproj", "{2CE53D3D-9FEB-44D2-8ED9-E499EADDC1B5}"
EndProject
Project("{FAE04EC0-301F-11D3-BF4B-00C04F79EFBC}") = "AnimeRecs.GetMalRecs", "AnimeRecs.GetMalRecs\AnimeRecs.GetMalRecs.csproj", "{A0C50B73-2E13-4A19-8FD8-3814A188BC12}"
EndProject
Project("{FAE04EC0-301F-11D3-BF4B-00C04F79EFBC}") = "AnimeRecs.MalEvaluationRunner", "AnimeRecs.MalEvaluationRunner\AnimeRecs.MalEvaluationRunner.csproj", "{5C76DAA8-1A14-48B9-98F1-C075209C324C}"
EndProject
Project("{FAE04EC0-301F-11D3-BF4B-00C04F79EFBC}") = "AnimeRecs.RecService", "AnimeRecs.RecService\AnimeRecs.RecService.csproj", "{F2E6F758-CF15-4219-9DAC-09D1190EE7E6}"
EndProject
Project("{FAE04EC0-301F-11D3-BF4B-00C04F79EFBC}") = "AnimeRecs.RecService.Client", "AnimeRecs.RecService.Client\AnimeRecs.RecService.Client.csproj", "{73DAB0C2-C741-4710-8693-4D04B67F082F}"
EndProject
Project("{FAE04EC0-301F-11D3-BF4B-00C04F79EFBC}") = "AnimeRecs.RecService.DTO", "AnimeRecs.RecService.DTO\AnimeRecs.RecService.DTO.csproj", "{2E870408-2BC8-404F-BCAC-98289C1F489E}"
EndProject
Project("{FAE04EC0-301F-11D3-BF4B-00C04F79EFBC}") = "AnimeRecs.RecService.ClientLib", "AnimeRecs.RecService.ClientLib\AnimeRecs.RecService.ClientLib.csproj", "{052C3459-C8BF-44A3-AFE1-8B587B023044}"
EndProject
Global
	GlobalSection(SolutionConfigurationPlatforms) = preSolution
		Debug|Any CPU = Debug|Any CPU
		Debug|Mixed Platforms = Debug|Mixed Platforms
		Debug|x86 = Debug|x86
		Release|Any CPU = Release|Any CPU
		Release|Mixed Platforms = Release|Mixed Platforms
		Release|x86 = Release|x86
	EndGlobalSection
	GlobalSection(ProjectConfigurationPlatforms) = postSolution
		{DB0DAE3C-8E19-4DDA-9B86-620EA5C9C243}.Debug|Any CPU.ActiveCfg = Debug|Any CPU
		{DB0DAE3C-8E19-4DDA-9B86-620EA5C9C243}.Debug|Any CPU.Build.0 = Debug|Any CPU
		{DB0DAE3C-8E19-4DDA-9B86-620EA5C9C243}.Debug|Mixed Platforms.ActiveCfg = Debug|Any CPU
		{DB0DAE3C-8E19-4DDA-9B86-620EA5C9C243}.Debug|Mixed Platforms.Build.0 = Debug|Any CPU
		{DB0DAE3C-8E19-4DDA-9B86-620EA5C9C243}.Debug|x86.ActiveCfg = Debug|Any CPU
		{DB0DAE3C-8E19-4DDA-9B86-620EA5C9C243}.Release|Any CPU.ActiveCfg = Release|Any CPU
		{DB0DAE3C-8E19-4DDA-9B86-620EA5C9C243}.Release|Any CPU.Build.0 = Release|Any CPU
		{DB0DAE3C-8E19-4DDA-9B86-620EA5C9C243}.Release|Mixed Platforms.ActiveCfg = Release|Any CPU
		{DB0DAE3C-8E19-4DDA-9B86-620EA5C9C243}.Release|Mixed Platforms.Build.0 = Release|Any CPU
		{DB0DAE3C-8E19-4DDA-9B86-620EA5C9C243}.Release|x86.ActiveCfg = Release|Any CPU
		{2B67526A-EBD8-43F6-8A65-26F64453C0BD}.Debug|Any CPU.ActiveCfg = Debug|Any CPU
		{2B67526A-EBD8-43F6-8A65-26F64453C0BD}.Debug|Any CPU.Build.0 = Debug|Any CPU
		{2B67526A-EBD8-43F6-8A65-26F64453C0BD}.Debug|Mixed Platforms.ActiveCfg = Debug|Any CPU
		{2B67526A-EBD8-43F6-8A65-26F64453C0BD}.Debug|Mixed Platforms.Build.0 = Debug|Any CPU
		{2B67526A-EBD8-43F6-8A65-26F64453C0BD}.Debug|x86.ActiveCfg = Debug|Any CPU
		{2B67526A-EBD8-43F6-8A65-26F64453C0BD}.Release|Any CPU.ActiveCfg = Release|Any CPU
		{2B67526A-EBD8-43F6-8A65-26F64453C0BD}.Release|Any CPU.Build.0 = Release|Any CPU
		{2B67526A-EBD8-43F6-8A65-26F64453C0BD}.Release|Mixed Platforms.ActiveCfg = Release|Any CPU
		{2B67526A-EBD8-43F6-8A65-26F64453C0BD}.Release|Mixed Platforms.Build.0 = Release|Any CPU
		{2B67526A-EBD8-43F6-8A65-26F64453C0BD}.Release|x86.ActiveCfg = Release|Any CPU
		{C1154B01-E3AF-48D2-AD2E-3F09B5DAF842}.Debug|Any CPU.ActiveCfg = Debug|Any CPU
		{C1154B01-E3AF-48D2-AD2E-3F09B5DAF842}.Debug|Any CPU.Build.0 = Debug|Any CPU
		{C1154B01-E3AF-48D2-AD2E-3F09B5DAF842}.Debug|Mixed Platforms.ActiveCfg = Debug|Any CPU
		{C1154B01-E3AF-48D2-AD2E-3F09B5DAF842}.Debug|Mixed Platforms.Build.0 = Debug|Any CPU
		{C1154B01-E3AF-48D2-AD2E-3F09B5DAF842}.Debug|x86.ActiveCfg = Debug|Any CPU
		{C1154B01-E3AF-48D2-AD2E-3F09B5DAF842}.Release|Any CPU.ActiveCfg = Release|Any CPU
		{C1154B01-E3AF-48D2-AD2E-3F09B5DAF842}.Release|Any CPU.Build.0 = Release|Any CPU
		{C1154B01-E3AF-48D2-AD2E-3F09B5DAF842}.Release|Mixed Platforms.ActiveCfg = Release|Any CPU
		{C1154B01-E3AF-48D2-AD2E-3F09B5DAF842}.Release|Mixed Platforms.Build.0 = Release|Any CPU
		{C1154B01-E3AF-48D2-AD2E-3F09B5DAF842}.Release|x86.ActiveCfg = Release|Any CPU
		{F7463E78-C746-4D37-A869-759FB38B247B}.Debug|Any CPU.ActiveCfg = Debug|Any CPU
		{F7463E78-C746-4D37-A869-759FB38B247B}.Debug|Any CPU.Build.0 = Debug|Any CPU
		{F7463E78-C746-4D37-A869-759FB38B247B}.Debug|Mixed Platforms.ActiveCfg = Debug|Any CPU
		{F7463E78-C746-4D37-A869-759FB38B247B}.Debug|Mixed Platforms.Build.0 = Debug|Any CPU
		{F7463E78-C746-4D37-A869-759FB38B247B}.Debug|x86.ActiveCfg = Debug|Any CPU
		{F7463E78-C746-4D37-A869-759FB38B247B}.Release|Any CPU.ActiveCfg = Release|Any CPU
		{F7463E78-C746-4D37-A869-759FB38B247B}.Release|Any CPU.Build.0 = Release|Any CPU
		{F7463E78-C746-4D37-A869-759FB38B247B}.Release|Mixed Platforms.ActiveCfg = Release|Any CPU
		{F7463E78-C746-4D37-A869-759FB38B247B}.Release|Mixed Platforms.Build.0 = Release|Any CPU
		{F7463E78-C746-4D37-A869-759FB38B247B}.Release|x86.ActiveCfg = Release|Any CPU
		{85BC477F-4798-4006-A342-715E7565B3BB}.Debug|Any CPU.ActiveCfg = Debug|Any CPU
		{85BC477F-4798-4006-A342-715E7565B3BB}.Debug|Any CPU.Build.0 = Debug|Any CPU
		{85BC477F-4798-4006-A342-715E7565B3BB}.Debug|Mixed Platforms.ActiveCfg = Debug|Any CPU
		{85BC477F-4798-4006-A342-715E7565B3BB}.Debug|Mixed Platforms.Build.0 = Debug|Any CPU
		{85BC477F-4798-4006-A342-715E7565B3BB}.Debug|x86.ActiveCfg = Debug|Any CPU
		{85BC477F-4798-4006-A342-715E7565B3BB}.Release|Any CPU.ActiveCfg = Release|Any CPU
		{85BC477F-4798-4006-A342-715E7565B3BB}.Release|Any CPU.Build.0 = Release|Any CPU
		{85BC477F-4798-4006-A342-715E7565B3BB}.Release|Mixed Platforms.ActiveCfg = Release|Any CPU
		{85BC477F-4798-4006-A342-715E7565B3BB}.Release|Mixed Platforms.Build.0 = Release|Any CPU
		{85BC477F-4798-4006-A342-715E7565B3BB}.Release|x86.ActiveCfg = Release|Any CPU
		{2CE53D3D-9FEB-44D2-8ED9-E499EADDC1B5}.Debug|Any CPU.ActiveCfg = Debug|Any CPU
		{2CE53D3D-9FEB-44D2-8ED9-E499EADDC1B5}.Debug|Any CPU.Build.0 = Debug|Any CPU
		{2CE53D3D-9FEB-44D2-8ED9-E499EADDC1B5}.Debug|Mixed Platforms.ActiveCfg = Debug|x86
		{2CE53D3D-9FEB-44D2-8ED9-E499EADDC1B5}.Debug|Mixed Platforms.Build.0 = Debug|x86
		{2CE53D3D-9FEB-44D2-8ED9-E499EADDC1B5}.Debug|x86.ActiveCfg = Debug|x86
		{2CE53D3D-9FEB-44D2-8ED9-E499EADDC1B5}.Debug|x86.Build.0 = Debug|x86
		{2CE53D3D-9FEB-44D2-8ED9-E499EADDC1B5}.Release|Any CPU.ActiveCfg = Release|x86
		{2CE53D3D-9FEB-44D2-8ED9-E499EADDC1B5}.Release|Mixed Platforms.ActiveCfg = Release|x86
		{2CE53D3D-9FEB-44D2-8ED9-E499EADDC1B5}.Release|Mixed Platforms.Build.0 = Release|x86
		{2CE53D3D-9FEB-44D2-8ED9-E499EADDC1B5}.Release|x86.ActiveCfg = Release|x86
		{2CE53D3D-9FEB-44D2-8ED9-E499EADDC1B5}.Release|x86.Build.0 = Release|x86
		{A0C50B73-2E13-4A19-8FD8-3814A188BC12}.Debug|Any CPU.ActiveCfg = Debug|Any CPU
		{A0C50B73-2E13-4A19-8FD8-3814A188BC12}.Debug|Any CPU.Build.0 = Debug|Any CPU
		{A0C50B73-2E13-4A19-8FD8-3814A188BC12}.Debug|Mixed Platforms.ActiveCfg = Debug|x86
		{A0C50B73-2E13-4A19-8FD8-3814A188BC12}.Debug|Mixed Platforms.Build.0 = Debug|x86
		{A0C50B73-2E13-4A19-8FD8-3814A188BC12}.Debug|x86.ActiveCfg = Debug|x86
		{A0C50B73-2E13-4A19-8FD8-3814A188BC12}.Debug|x86.Build.0 = Debug|x86
		{A0C50B73-2E13-4A19-8FD8-3814A188BC12}.Release|Any CPU.ActiveCfg = Release|x86
		{A0C50B73-2E13-4A19-8FD8-3814A188BC12}.Release|Mixed Platforms.ActiveCfg = Release|x86
		{A0C50B73-2E13-4A19-8FD8-3814A188BC12}.Release|Mixed Platforms.Build.0 = Release|x86
		{A0C50B73-2E13-4A19-8FD8-3814A188BC12}.Release|x86.ActiveCfg = Release|x86
		{A0C50B73-2E13-4A19-8FD8-3814A188BC12}.Release|x86.Build.0 = Release|x86
		{5C76DAA8-1A14-48B9-98F1-C075209C324C}.Debug|Any CPU.ActiveCfg = Debug|Any CPU
		{5C76DAA8-1A14-48B9-98F1-C075209C324C}.Debug|Any CPU.Build.0 = Debug|Any CPU
		{5C76DAA8-1A14-48B9-98F1-C075209C324C}.Debug|Mixed Platforms.ActiveCfg = Debug|x86
		{5C76DAA8-1A14-48B9-98F1-C075209C324C}.Debug|Mixed Platforms.Build.0 = Debug|x86
		{5C76DAA8-1A14-48B9-98F1-C075209C324C}.Debug|x86.ActiveCfg = Debug|x86
		{5C76DAA8-1A14-48B9-98F1-C075209C324C}.Debug|x86.Build.0 = Debug|x86
		{5C76DAA8-1A14-48B9-98F1-C075209C324C}.Release|Any CPU.ActiveCfg = Release|x86
		{5C76DAA8-1A14-48B9-98F1-C075209C324C}.Release|Mixed Platforms.ActiveCfg = Release|x86
		{5C76DAA8-1A14-48B9-98F1-C075209C324C}.Release|Mixed Platforms.Build.0 = Release|x86
		{5C76DAA8-1A14-48B9-98F1-C075209C324C}.Release|x86.ActiveCfg = Release|x86
		{5C76DAA8-1A14-48B9-98F1-C075209C324C}.Release|x86.Build.0 = Release|x86
		{F2E6F758-CF15-4219-9DAC-09D1190EE7E6}.Debug|Any CPU.ActiveCfg = Debug|Any CPU
		{F2E6F758-CF15-4219-9DAC-09D1190EE7E6}.Debug|Any CPU.Build.0 = Debug|Any CPU
		{F2E6F758-CF15-4219-9DAC-09D1190EE7E6}.Debug|Mixed Platforms.ActiveCfg = Debug|x86
		{F2E6F758-CF15-4219-9DAC-09D1190EE7E6}.Debug|Mixed Platforms.Build.0 = Debug|x86
		{F2E6F758-CF15-4219-9DAC-09D1190EE7E6}.Debug|x86.ActiveCfg = Debug|x86
		{F2E6F758-CF15-4219-9DAC-09D1190EE7E6}.Debug|x86.Build.0 = Debug|x86
		{F2E6F758-CF15-4219-9DAC-09D1190EE7E6}.Release|Any CPU.ActiveCfg = Release|x86
		{F2E6F758-CF15-4219-9DAC-09D1190EE7E6}.Release|Mixed Platforms.ActiveCfg = Release|x86
		{F2E6F758-CF15-4219-9DAC-09D1190EE7E6}.Release|Mixed Platforms.Build.0 = Release|x86
		{F2E6F758-CF15-4219-9DAC-09D1190EE7E6}.Release|x86.ActiveCfg = Release|x86
		{F2E6F758-CF15-4219-9DAC-09D1190EE7E6}.Release|x86.Build.0 = Release|x86
		{73DAB0C2-C741-4710-8693-4D04B67F082F}.Debug|Any CPU.ActiveCfg = Debug|Any CPU
		{73DAB0C2-C741-4710-8693-4D04B67F082F}.Debug|Any CPU.Build.0 = Debug|Any CPU
		{73DAB0C2-C741-4710-8693-4D04B67F082F}.Debug|Mixed Platforms.ActiveCfg = Debug|x86
		{73DAB0C2-C741-4710-8693-4D04B67F082F}.Debug|Mixed Platforms.Build.0 = Debug|x86
		{73DAB0C2-C741-4710-8693-4D04B67F082F}.Debug|x86.ActiveCfg = Debug|x86
		{73DAB0C2-C741-4710-8693-4D04B67F082F}.Debug|x86.Build.0 = Debug|x86
		{73DAB0C2-C741-4710-8693-4D04B67F082F}.Release|Any CPU.ActiveCfg = Release|x86
		{73DAB0C2-C741-4710-8693-4D04B67F082F}.Release|Mixed Platforms.ActiveCfg = Release|x86
		{73DAB0C2-C741-4710-8693-4D04B67F082F}.Release|Mixed Platforms.Build.0 = Release|x86
		{73DAB0C2-C741-4710-8693-4D04B67F082F}.Release|x86.ActiveCfg = Release|x86
		{73DAB0C2-C741-4710-8693-4D04B67F082F}.Release|x86.Build.0 = Release|x86
		{2E870408-2BC8-404F-BCAC-98289C1F489E}.Debug|Any CPU.ActiveCfg = Debug|Any CPU
		{2E870408-2BC8-404F-BCAC-98289C1F489E}.Debug|Any CPU.Build.0 = Debug|Any CPU
		{2E870408-2BC8-404F-BCAC-98289C1F489E}.Debug|Mixed Platforms.ActiveCfg = Debug|Any CPU
		{2E870408-2BC8-404F-BCAC-98289C1F489E}.Debug|Mixed Platforms.Build.0 = Debug|Any CPU
		{2E870408-2BC8-404F-BCAC-98289C1F489E}.Debug|x86.ActiveCfg = Debug|Any CPU
		{2E870408-2BC8-404F-BCAC-98289C1F489E}.Release|Any CPU.ActiveCfg = Release|Any CPU
		{2E870408-2BC8-404F-BCAC-98289C1F489E}.Release|Any CPU.Build.0 = Release|Any CPU
		{2E870408-2BC8-404F-BCAC-98289C1F489E}.Release|Mixed Platforms.ActiveCfg = Release|Any CPU
		{2E870408-2BC8-404F-BCAC-98289C1F489E}.Release|Mixed Platforms.Build.0 = Release|Any CPU
		{2E870408-2BC8-404F-BCAC-98289C1F489E}.Release|x86.ActiveCfg = Release|Any CPU
		{052C3459-C8BF-44A3-AFE1-8B587B023044}.Debug|Any CPU.ActiveCfg = Debug|Any CPU
		{052C3459-C8BF-44A3-AFE1-8B587B023044}.Debug|Any CPU.Build.0 = Debug|Any CPU
		{052C3459-C8BF-44A3-AFE1-8B587B023044}.Debug|Mixed Platforms.ActiveCfg = Debug|Any CPU
		{052C3459-C8BF-44A3-AFE1-8B587B023044}.Debug|Mixed Platforms.Build.0 = Debug|Any CPU
		{052C3459-C8BF-44A3-AFE1-8B587B023044}.Debug|x86.ActiveCfg = Debug|Any CPU
		{052C3459-C8BF-44A3-AFE1-8B587B023044}.Release|Any CPU.ActiveCfg = Release|Any CPU
		{052C3459-C8BF-44A3-AFE1-8B587B023044}.Release|Any CPU.Build.0 = Release|Any CPU
		{052C3459-C8BF-44A3-AFE1-8B587B023044}.Release|Mixed Platforms.ActiveCfg = Release|Any CPU
		{052C3459-C8BF-44A3-AFE1-8B587B023044}.Release|Mixed Platforms.Build.0 = Release|Any CPU
		{052C3459-C8BF-44A3-AFE1-8B587B023044}.Release|x86.ActiveCfg = Release|Any CPU
	EndGlobalSection
	GlobalSection(SolutionProperties) = preSolution
		HideSolutionNode = FALSE
	EndGlobalSection
EndGlobal
